
Microsoft Visual Studio Solution File, Format Version 12.00
# Visual Studio Version 17
VisualStudioVersion = 17.10.35004.147
MinimumVisualStudioVersion = 10.0.40219.1
Project("{FAE04EC0-301F-11D3-BF4B-00C04F79EFBC}") = "lotion-app", "lotion-app\lotion-app.csproj", "{8F50B7D3-424E-41B4-9D8D-ECB160F329D0}"
EndProject
Global
	GlobalSection(SolutionConfigurationPlatforms) = preSolution
		Debug|Any CPU = Debug|Any CPU
		Release|Any CPU = Release|Any CPU
	EndGlobalSection
	GlobalSection(ProjectConfigurationPlatforms) = postSolution
		{8F50B7D3-424E-41B4-9D8D-ECB160F329D0}.Debug|Any CPU.ActiveCfg = Debug|Any CPU
		{8F50B7D3-424E-41B4-9D8D-ECB160F329D0}.Debug|Any CPU.Build.0 = Debug|Any CPU
		{8F50B7D3-424E-41B4-9D8D-ECB160F329D0}.Release|Any CPU.ActiveCfg = Release|Any CPU
		{8F50B7D3-424E-41B4-9D8D-ECB160F329D0}.Release|Any CPU.Build.0 = Release|Any CPU
	EndGlobalSection
	GlobalSection(SolutionProperties) = preSolution
		HideSolutionNode = FALSE
	EndGlobalSection
	GlobalSection(ExtensibilityGlobals) = postSolution
		SolutionGuid = {C4BDA759-3709-4379-B640-82DC7AB2F6F6}
	EndGlobalSection
EndGlobal
